
Microsoft Visual Studio Solution File, Format Version 12.00
# Visual Studio Version 17
VisualStudioVersion = 17.14.36401.2
MinimumVisualStudioVersion = 10.0.40219.1
Project("{FAE04EC0-301F-11D3-BF4B-00C04F79EFBC}") = "CliniPet_FernandaHenriques", "CliniPet_FernandaHenriques\CliniPet_FernandaHenriques.csproj", "{BBD3209F-3522-4091-A67C-7FA5B56D85C7}"
EndProject
Global
	GlobalSection(SolutionConfigurationPlatforms) = preSolution
		Debug|Any CPU = Debug|Any CPU
		Release|Any CPU = Release|Any CPU
	EndGlobalSection
	GlobalSection(ProjectConfigurationPlatforms) = postSolution
		{BBD3209F-3522-4091-A67C-7FA5B56D85C7}.Debug|Any CPU.ActiveCfg = Debug|Any CPU
		{BBD3209F-3522-4091-A67C-7FA5B56D85C7}.Debug|Any CPU.Build.0 = Debug|Any CPU
		{BBD3209F-3522-4091-A67C-7FA5B56D85C7}.Release|Any CPU.ActiveCfg = Release|Any CPU
		{BBD3209F-3522-4091-A67C-7FA5B56D85C7}.Release|Any CPU.Build.0 = Release|Any CPU
	EndGlobalSection
	GlobalSection(SolutionProperties) = preSolution
		HideSolutionNode = FALSE
	EndGlobalSection
	GlobalSection(ExtensibilityGlobals) = postSolution
		SolutionGuid = {D78DFB08-851C-4070-AB66-B6914D69BA2E}
	EndGlobalSection
EndGlobal
